{
  "name": "@azure/communication-react",
  "version": "1.5.1-beta.2",
  "lockfileVersion": 1,
  "requires": true,
  "dependencies": {
    "lodash": {
      "version": "4.17.21",
      "resolved": "https://registry.npmjs.org/lodash/-/lodash-4.17.21.tgz",
      "integrity": "sha512-v2kDEe57lecTulaDIuNTPy3Ry4gLGJ6Z1O3vE1krgXZNrsQ+LFTGHVxVjcXPs17LhbZVGedAJv8XZ1tvj5FvSg=="
    },
    "textarea-caret-ts": {
      "version": "4.1.1",
      "resolved": "https://registry.npmjs.org/textarea-caret-ts/-/textarea-caret-ts-4.1.1.tgz",
      "integrity": "sha512-kEL3aQ99r8jJR2RfB6g74LEzrt9NTXkyjPvvP3vzhNkQ+zAaXitKCq8BUEueepULWCCxtpRaRjtnYHaR45FDMg=="
    }
  }
}
